
Microsoft Visual Studio Solution File, Format Version 12.00
# Visual Studio Version 17
VisualStudioVersion = 17.9.34622.214
MinimumVisualStudioVersion = 10.0.40219.1
Project("{FAE04EC0-301F-11D3-BF4B-00C04F79EFBC}") = "gibdd_uchpr", "gibdd_uchpr\gibdd_uchpr.csproj", "{8AC94226-054F-4EA1-AA1E-E31A39739D06}"
EndProject
Project("{FAE04EC0-301F-11D3-BF4B-00C04F79EFBC}") = "gibdd_tests", "gibdd_tests\gibdd_tests.csproj", "{EB84EE0D-029C-434E-87EC-737EF69F448B}"
EndProject
Global
	GlobalSection(SolutionConfigurationPlatforms) = preSolution
		Debug|Any CPU = Debug|Any CPU
		Release|Any CPU = Release|Any CPU
	EndGlobalSection
	GlobalSection(ProjectConfigurationPlatforms) = postSolution
		{8AC94226-054F-4EA1-AA1E-E31A39739D06}.Debug|Any CPU.ActiveCfg = Debug|Any CPU
		{8AC94226-054F-4EA1-AA1E-E31A39739D06}.Debug|Any CPU.Build.0 = Debug|Any CPU
		{8AC94226-054F-4EA1-AA1E-E31A39739D06}.Release|Any CPU.ActiveCfg = Release|Any CPU
		{8AC94226-054F-4EA1-AA1E-E31A39739D06}.Release|Any CPU.Build.0 = Release|Any CPU
		{EB84EE0D-029C-434E-87EC-737EF69F448B}.Debug|Any CPU.ActiveCfg = Debug|Any CPU
		{EB84EE0D-029C-434E-87EC-737EF69F448B}.Debug|Any CPU.Build.0 = Debug|Any CPU
		{EB84EE0D-029C-434E-87EC-737EF69F448B}.Release|Any CPU.ActiveCfg = Release|Any CPU
		{EB84EE0D-029C-434E-87EC-737EF69F448B}.Release|Any CPU.Build.0 = Release|Any CPU
	EndGlobalSection
	GlobalSection(SolutionProperties) = preSolution
		HideSolutionNode = FALSE
	EndGlobalSection
	GlobalSection(ExtensibilityGlobals) = postSolution
		SolutionGuid = {8DD17B98-005A-44DA-8CAE-8C3912ECB546}
	EndGlobalSection
EndGlobal
